
Microsoft Visual Studio Solution File, Format Version 11.00
# Visual Studio 2010
Project("{FAE04EC0-301F-11D3-BF4B-00C04F79EFBC}") = "OF.Core", "WSUI.Core\OF.Core.csproj", "{D650F4E9-99FE-46EC-A59D-BF3A99652255}"
EndProject
Project("{FAE04EC0-301F-11D3-BF4B-00C04F79EFBC}") = "OF.Infrastructure", "WSUI.Infrastructure\OF.Infrastructure.csproj", "{0C9D56F2-FC4F-4677-A33E-E3E9E09C30C0}"
EndProject
Project("{FAE04EC0-301F-11D3-BF4B-00C04F79EFBC}") = "OF.Preview", "WSPreview\OF.Preview.csproj", "{3E9F9F18-B9AD-4DDE-A5D6-F71B75C737D2}"
EndProject
Project("{FAE04EC0-301F-11D3-BF4B-00C04F79EFBC}") = "OF.Module", "WSUI.Module\OF.Module.csproj", "{EDCE3394-18B5-40A8-AE43-E6A8E23C9A7F}"
EndProject
Project("{FAE04EC0-301F-11D3-BF4B-00C04F79EFBC}") = "OF.Control", "WSUI.Control\OF.Control.csproj", "{FC28437E-0008-4A62-B444-37EB9E6B5AE6}"
EndProject
Project("{FAE04EC0-301F-11D3-BF4B-00C04F79EFBC}") = "OF.OutlookPlugin", "WSUI.OutlookPlugin\OF.OutlookPlugin.csproj", "{6169FA5D-89FA-44D3-9801-CEFE8FC8755D}"
EndProject
Project("{FAE04EC0-301F-11D3-BF4B-00C04F79EFBC}") = "OF.CA", "WSUI.CA\OF.CA.csproj", "{9437594A-BE44-44C2-A89F-14E32C475D4D}"
EndProject
Project("{930C7802-8A8C-48F9-8165-68863BCCD9DD}") = "OF.OutlookPluginSetup", "WSUI.OutlookPlugin\WSUI.OutlookPluginSetup\OF.OutlookPluginSetup.wixproj", "{E7E7D671-1DEA-44BD-BE4C-96EE3409474E}"
EndProject
Global
	GlobalSection(SolutionConfigurationPlatforms) = preSolution
		Debug|Any CPU = Debug|Any CPU
		Debug|Mixed Platforms = Debug|Mixed Platforms
		Debug|x86 = Debug|x86
		Release|Any CPU = Release|Any CPU
		Release|Mixed Platforms = Release|Mixed Platforms
		Release|x86 = Release|x86
		Trial|Any CPU = Trial|Any CPU
		Trial|Mixed Platforms = Trial|Mixed Platforms
		Trial|x86 = Trial|x86
	EndGlobalSection
	GlobalSection(ProjectConfigurationPlatforms) = postSolution
		{D650F4E9-99FE-46EC-A59D-BF3A99652255}.Debug|Any CPU.ActiveCfg = Debug|Any CPU
		{D650F4E9-99FE-46EC-A59D-BF3A99652255}.Debug|Any CPU.Build.0 = Debug|Any CPU
		{D650F4E9-99FE-46EC-A59D-BF3A99652255}.Debug|Mixed Platforms.ActiveCfg = Debug|Any CPU
		{D650F4E9-99FE-46EC-A59D-BF3A99652255}.Debug|Mixed Platforms.Build.0 = Debug|Any CPU
		{D650F4E9-99FE-46EC-A59D-BF3A99652255}.Debug|x86.ActiveCfg = Debug|Any CPU
		{D650F4E9-99FE-46EC-A59D-BF3A99652255}.Release|Any CPU.ActiveCfg = Release|Any CPU
		{D650F4E9-99FE-46EC-A59D-BF3A99652255}.Release|Any CPU.Build.0 = Release|Any CPU
		{D650F4E9-99FE-46EC-A59D-BF3A99652255}.Release|Mixed Platforms.ActiveCfg = Release|Any CPU
		{D650F4E9-99FE-46EC-A59D-BF3A99652255}.Release|Mixed Platforms.Build.0 = Release|Any CPU
		{D650F4E9-99FE-46EC-A59D-BF3A99652255}.Release|x86.ActiveCfg = Release|Any CPU
		{D650F4E9-99FE-46EC-A59D-BF3A99652255}.Trial|Any CPU.ActiveCfg = Trial|Any CPU
		{D650F4E9-99FE-46EC-A59D-BF3A99652255}.Trial|Any CPU.Build.0 = Trial|Any CPU
		{D650F4E9-99FE-46EC-A59D-BF3A99652255}.Trial|Mixed Platforms.ActiveCfg = Trial|Any CPU
		{D650F4E9-99FE-46EC-A59D-BF3A99652255}.Trial|Mixed Platforms.Build.0 = Trial|Any CPU
		{D650F4E9-99FE-46EC-A59D-BF3A99652255}.Trial|x86.ActiveCfg = Trial|Any CPU
		{0C9D56F2-FC4F-4677-A33E-E3E9E09C30C0}.Debug|Any CPU.ActiveCfg = Debug|Any CPU
		{0C9D56F2-FC4F-4677-A33E-E3E9E09C30C0}.Debug|Any CPU.Build.0 = Debug|Any CPU
		{0C9D56F2-FC4F-4677-A33E-E3E9E09C30C0}.Debug|Mixed Platforms.ActiveCfg = Debug|Any CPU
		{0C9D56F2-FC4F-4677-A33E-E3E9E09C30C0}.Debug|Mixed Platforms.Build.0 = Debug|Any CPU
		{0C9D56F2-FC4F-4677-A33E-E3E9E09C30C0}.Debug|x86.ActiveCfg = Debug|Any CPU
		{0C9D56F2-FC4F-4677-A33E-E3E9E09C30C0}.Release|Any CPU.ActiveCfg = Release|Any CPU
		{0C9D56F2-FC4F-4677-A33E-E3E9E09C30C0}.Release|Any CPU.Build.0 = Release|Any CPU
		{0C9D56F2-FC4F-4677-A33E-E3E9E09C30C0}.Release|Mixed Platforms.ActiveCfg = Release|Any CPU
		{0C9D56F2-FC4F-4677-A33E-E3E9E09C30C0}.Release|Mixed Platforms.Build.0 = Release|Any CPU
		{0C9D56F2-FC4F-4677-A33E-E3E9E09C30C0}.Release|x86.ActiveCfg = Release|Any CPU
		{0C9D56F2-FC4F-4677-A33E-E3E9E09C30C0}.Trial|Any CPU.ActiveCfg = Trial|Any CPU
		{0C9D56F2-FC4F-4677-A33E-E3E9E09C30C0}.Trial|Any CPU.Build.0 = Trial|Any CPU
		{0C9D56F2-FC4F-4677-A33E-E3E9E09C30C0}.Trial|Mixed Platforms.ActiveCfg = Trial|Any CPU
		{0C9D56F2-FC4F-4677-A33E-E3E9E09C30C0}.Trial|Mixed Platforms.Build.0 = Trial|Any CPU
		{0C9D56F2-FC4F-4677-A33E-E3E9E09C30C0}.Trial|x86.ActiveCfg = Trial|Any CPU
		{3E9F9F18-B9AD-4DDE-A5D6-F71B75C737D2}.Debug|Any CPU.ActiveCfg = Debug|Any CPU
		{3E9F9F18-B9AD-4DDE-A5D6-F71B75C737D2}.Debug|Any CPU.Build.0 = Debug|Any CPU
		{3E9F9F18-B9AD-4DDE-A5D6-F71B75C737D2}.Debug|Mixed Platforms.ActiveCfg = Debug|Any CPU
		{3E9F9F18-B9AD-4DDE-A5D6-F71B75C737D2}.Debug|Mixed Platforms.Build.0 = Debug|Any CPU
		{3E9F9F18-B9AD-4DDE-A5D6-F71B75C737D2}.Debug|x86.ActiveCfg = Debug|Any CPU
		{3E9F9F18-B9AD-4DDE-A5D6-F71B75C737D2}.Release|Any CPU.ActiveCfg = Release|Any CPU
		{3E9F9F18-B9AD-4DDE-A5D6-F71B75C737D2}.Release|Any CPU.Build.0 = Release|Any CPU
		{3E9F9F18-B9AD-4DDE-A5D6-F71B75C737D2}.Release|Mixed Platforms.ActiveCfg = Release|Any CPU
		{3E9F9F18-B9AD-4DDE-A5D6-F71B75C737D2}.Release|Mixed Platforms.Build.0 = Release|Any CPU
		{3E9F9F18-B9AD-4DDE-A5D6-F71B75C737D2}.Release|x86.ActiveCfg = Release|Any CPU
		{3E9F9F18-B9AD-4DDE-A5D6-F71B75C737D2}.Trial|Any CPU.ActiveCfg = Trial|Any CPU
		{3E9F9F18-B9AD-4DDE-A5D6-F71B75C737D2}.Trial|Any CPU.Build.0 = Trial|Any CPU
		{3E9F9F18-B9AD-4DDE-A5D6-F71B75C737D2}.Trial|Mixed Platforms.ActiveCfg = Trial|Any CPU
		{3E9F9F18-B9AD-4DDE-A5D6-F71B75C737D2}.Trial|Mixed Platforms.Build.0 = Trial|Any CPU
		{3E9F9F18-B9AD-4DDE-A5D6-F71B75C737D2}.Trial|x86.ActiveCfg = Trial|Any CPU
		{EDCE3394-18B5-40A8-AE43-E6A8E23C9A7F}.Debug|Any CPU.ActiveCfg = Debug|Any CPU
		{EDCE3394-18B5-40A8-AE43-E6A8E23C9A7F}.Debug|Any CPU.Build.0 = Debug|Any CPU
		{EDCE3394-18B5-40A8-AE43-E6A8E23C9A7F}.Debug|Mixed Platforms.ActiveCfg = Debug|Any CPU
		{EDCE3394-18B5-40A8-AE43-E6A8E23C9A7F}.Debug|Mixed Platforms.Build.0 = Debug|Any CPU
		{EDCE3394-18B5-40A8-AE43-E6A8E23C9A7F}.Debug|x86.ActiveCfg = Debug|Any CPU
		{EDCE3394-18B5-40A8-AE43-E6A8E23C9A7F}.Release|Any CPU.ActiveCfg = Release|Any CPU
		{EDCE3394-18B5-40A8-AE43-E6A8E23C9A7F}.Release|Any CPU.Build.0 = Release|Any CPU
		{EDCE3394-18B5-40A8-AE43-E6A8E23C9A7F}.Release|Mixed Platforms.ActiveCfg = Release|Any CPU
		{EDCE3394-18B5-40A8-AE43-E6A8E23C9A7F}.Release|Mixed Platforms.Build.0 = Release|Any CPU
		{EDCE3394-18B5-40A8-AE43-E6A8E23C9A7F}.Release|x86.ActiveCfg = Release|Any CPU
		{EDCE3394-18B5-40A8-AE43-E6A8E23C9A7F}.Trial|Any CPU.ActiveCfg = Trial|Any CPU
		{EDCE3394-18B5-40A8-AE43-E6A8E23C9A7F}.Trial|Any CPU.Build.0 = Trial|Any CPU
		{EDCE3394-18B5-40A8-AE43-E6A8E23C9A7F}.Trial|Mixed Platforms.ActiveCfg = Trial|Any CPU
		{EDCE3394-18B5-40A8-AE43-E6A8E23C9A7F}.Trial|Mixed Platforms.Build.0 = Trial|Any CPU
		{EDCE3394-18B5-40A8-AE43-E6A8E23C9A7F}.Trial|x86.ActiveCfg = Trial|Any CPU
		{FC28437E-0008-4A62-B444-37EB9E6B5AE6}.Debug|Any CPU.ActiveCfg = Debug|Any CPU
		{FC28437E-0008-4A62-B444-37EB9E6B5AE6}.Debug|Any CPU.Build.0 = Debug|Any CPU
		{FC28437E-0008-4A62-B444-37EB9E6B5AE6}.Debug|Mixed Platforms.ActiveCfg = Debug|Any CPU
		{FC28437E-0008-4A62-B444-37EB9E6B5AE6}.Debug|Mixed Platforms.Build.0 = Debug|Any CPU
		{FC28437E-0008-4A62-B444-37EB9E6B5AE6}.Debug|x86.ActiveCfg = Debug|Any CPU
		{FC28437E-0008-4A62-B444-37EB9E6B5AE6}.Release|Any CPU.ActiveCfg = Release|Any CPU
		{FC28437E-0008-4A62-B444-37EB9E6B5AE6}.Release|Any CPU.Build.0 = Release|Any CPU
		{FC28437E-0008-4A62-B444-37EB9E6B5AE6}.Release|Mixed Platforms.ActiveCfg = Release|Any CPU
		{FC28437E-0008-4A62-B444-37EB9E6B5AE6}.Release|Mixed Platforms.Build.0 = Release|Any CPU
		{FC28437E-0008-4A62-B444-37EB9E6B5AE6}.Release|x86.ActiveCfg = Release|Any CPU
		{FC28437E-0008-4A62-B444-37EB9E6B5AE6}.Trial|Any CPU.ActiveCfg = Trial|Any CPU
		{FC28437E-0008-4A62-B444-37EB9E6B5AE6}.Trial|Any CPU.Build.0 = Trial|Any CPU
		{FC28437E-0008-4A62-B444-37EB9E6B5AE6}.Trial|Mixed Platforms.ActiveCfg = Trial|Any CPU
		{FC28437E-0008-4A62-B444-37EB9E6B5AE6}.Trial|Mixed Platforms.Build.0 = Trial|Any CPU
		{FC28437E-0008-4A62-B444-37EB9E6B5AE6}.Trial|x86.ActiveCfg = Trial|Any CPU
		{6169FA5D-89FA-44D3-9801-CEFE8FC8755D}.Debug|Any CPU.ActiveCfg = Debug|Any CPU
		{6169FA5D-89FA-44D3-9801-CEFE8FC8755D}.Debug|Any CPU.Build.0 = Debug|Any CPU
		{6169FA5D-89FA-44D3-9801-CEFE8FC8755D}.Debug|Mixed Platforms.ActiveCfg = Debug|Any CPU
		{6169FA5D-89FA-44D3-9801-CEFE8FC8755D}.Debug|Mixed Platforms.Build.0 = Debug|Any CPU
		{6169FA5D-89FA-44D3-9801-CEFE8FC8755D}.Debug|x86.ActiveCfg = Debug|Any CPU
		{6169FA5D-89FA-44D3-9801-CEFE8FC8755D}.Release|Any CPU.ActiveCfg = Release|Any CPU
		{6169FA5D-89FA-44D3-9801-CEFE8FC8755D}.Release|Any CPU.Build.0 = Release|Any CPU
		{6169FA5D-89FA-44D3-9801-CEFE8FC8755D}.Release|Mixed Platforms.ActiveCfg = Release|Any CPU
		{6169FA5D-89FA-44D3-9801-CEFE8FC8755D}.Release|Mixed Platforms.Build.0 = Release|Any CPU
		{6169FA5D-89FA-44D3-9801-CEFE8FC8755D}.Release|x86.ActiveCfg = Release|Any CPU
		{6169FA5D-89FA-44D3-9801-CEFE8FC8755D}.Trial|Any CPU.ActiveCfg = Trial|Any CPU
		{6169FA5D-89FA-44D3-9801-CEFE8FC8755D}.Trial|Any CPU.Build.0 = Trial|Any CPU
		{6169FA5D-89FA-44D3-9801-CEFE8FC8755D}.Trial|Mixed Platforms.ActiveCfg = Trial|Any CPU
		{6169FA5D-89FA-44D3-9801-CEFE8FC8755D}.Trial|Mixed Platforms.Build.0 = Trial|Any CPU
		{6169FA5D-89FA-44D3-9801-CEFE8FC8755D}.Trial|x86.ActiveCfg = Trial|Any CPU
		{9437594A-BE44-44C2-A89F-14E32C475D4D}.Debug|Any CPU.ActiveCfg = Debug|x86
		{9437594A-BE44-44C2-A89F-14E32C475D4D}.Debug|Mixed Platforms.ActiveCfg = Debug|x86
		{9437594A-BE44-44C2-A89F-14E32C475D4D}.Debug|Mixed Platforms.Build.0 = Debug|x86
		{9437594A-BE44-44C2-A89F-14E32C475D4D}.Debug|x86.ActiveCfg = Debug|x86
		{9437594A-BE44-44C2-A89F-14E32C475D4D}.Debug|x86.Build.0 = Debug|x86
		{9437594A-BE44-44C2-A89F-14E32C475D4D}.Release|Any CPU.ActiveCfg = Release|x86
		{9437594A-BE44-44C2-A89F-14E32C475D4D}.Release|Mixed Platforms.ActiveCfg = Release|x86
		{9437594A-BE44-44C2-A89F-14E32C475D4D}.Release|Mixed Platforms.Build.0 = Release|x86
		{9437594A-BE44-44C2-A89F-14E32C475D4D}.Release|x86.ActiveCfg = Release|x86
		{9437594A-BE44-44C2-A89F-14E32C475D4D}.Release|x86.Build.0 = Release|x86
		{9437594A-BE44-44C2-A89F-14E32C475D4D}.Trial|Any CPU.ActiveCfg = Trial|x86
		{9437594A-BE44-44C2-A89F-14E32C475D4D}.Trial|Mixed Platforms.ActiveCfg = Trial|x86
		{9437594A-BE44-44C2-A89F-14E32C475D4D}.Trial|Mixed Platforms.Build.0 = Trial|x86
		{9437594A-BE44-44C2-A89F-14E32C475D4D}.Trial|x86.ActiveCfg = Trial|x86
		{9437594A-BE44-44C2-A89F-14E32C475D4D}.Trial|x86.Build.0 = Trial|x86
		{E7E7D671-1DEA-44BD-BE4C-96EE3409474E}.Debug|Any CPU.ActiveCfg = Debug|x86
		{E7E7D671-1DEA-44BD-BE4C-96EE3409474E}.Debug|Mixed Platforms.ActiveCfg = Debug|x86
		{E7E7D671-1DEA-44BD-BE4C-96EE3409474E}.Debug|Mixed Platforms.Build.0 = Debug|x86
		{E7E7D671-1DEA-44BD-BE4C-96EE3409474E}.Debug|x86.ActiveCfg = Debug|x86
		{E7E7D671-1DEA-44BD-BE4C-96EE3409474E}.Debug|x86.Build.0 = Debug|x86
		{E7E7D671-1DEA-44BD-BE4C-96EE3409474E}.Release|Any CPU.ActiveCfg = Release|x86
		{E7E7D671-1DEA-44BD-BE4C-96EE3409474E}.Release|Mixed Platforms.ActiveCfg = Release|x86
		{E7E7D671-1DEA-44BD-BE4C-96EE3409474E}.Release|Mixed Platforms.Build.0 = Release|x86
		{E7E7D671-1DEA-44BD-BE4C-96EE3409474E}.Release|x86.ActiveCfg = Release|x86
		{E7E7D671-1DEA-44BD-BE4C-96EE3409474E}.Release|x86.Build.0 = Release|x86
		{E7E7D671-1DEA-44BD-BE4C-96EE3409474E}.Trial|Any CPU.ActiveCfg = Trial|x86
		{E7E7D671-1DEA-44BD-BE4C-96EE3409474E}.Trial|Mixed Platforms.ActiveCfg = Trial|x86
		{E7E7D671-1DEA-44BD-BE4C-96EE3409474E}.Trial|Mixed Platforms.Build.0 = Trial|x86
		{E7E7D671-1DEA-44BD-BE4C-96EE3409474E}.Trial|x86.ActiveCfg = Trial|x86
		{E7E7D671-1DEA-44BD-BE4C-96EE3409474E}.Trial|x86.Build.0 = Trial|x86
	EndGlobalSection
	GlobalSection(SolutionProperties) = preSolution
		HideSolutionNode = FALSE
	EndGlobalSection
EndGlobal
