
Microsoft Visual Studio Solution File, Format Version 11.00
# Visual Studio 2010
Project("{FAE04EC0-301F-11D3-BF4B-00C04F79EFBC}") = "OF.Core", "WSUI.Core\OF.Core.csproj", "{D650F4E9-99FE-46EC-A59D-BF3A99652255}"
EndProject
Project("{FAE04EC0-301F-11D3-BF4B-00C04F79EFBC}") = "OF.Infrastructure", "WSUI.Infrastructure\OF.Infrastructure.csproj", "{0C9D56F2-FC4F-4677-A33E-E3E9E09C30C0}"
EndProject
Project("{FAE04EC0-301F-11D3-BF4B-00C04F79EFBC}") = "OF.ServiceApp", "OF.ServiceApp\OF.ServiceApp.csproj", "{D0F267A3-EFA2-4270-8E71-B8AB364FB987}"
EndProject
Global
	GlobalSection(SolutionConfigurationPlatforms) = preSolution
		Debug|Any CPU = Debug|Any CPU
		Release|Any CPU = Release|Any CPU
		Trial|Any CPU = Trial|Any CPU
	EndGlobalSection
	GlobalSection(ProjectConfigurationPlatforms) = postSolution
		{D650F4E9-99FE-46EC-A59D-BF3A99652255}.Debug|Any CPU.ActiveCfg = Debug|Any CPU
		{D650F4E9-99FE-46EC-A59D-BF3A99652255}.Debug|Any CPU.Build.0 = Debug|Any CPU
		{D650F4E9-99FE-46EC-A59D-BF3A99652255}.Release|Any CPU.ActiveCfg = Release|Any CPU
		{D650F4E9-99FE-46EC-A59D-BF3A99652255}.Release|Any CPU.Build.0 = Release|Any CPU
		{D650F4E9-99FE-46EC-A59D-BF3A99652255}.Trial|Any CPU.ActiveCfg = Trial|Any CPU
		{D650F4E9-99FE-46EC-A59D-BF3A99652255}.Trial|Any CPU.Build.0 = Trial|Any CPU
		{0C9D56F2-FC4F-4677-A33E-E3E9E09C30C0}.Debug|Any CPU.ActiveCfg = Debug|Any CPU
		{0C9D56F2-FC4F-4677-A33E-E3E9E09C30C0}.Debug|Any CPU.Build.0 = Debug|Any CPU
		{0C9D56F2-FC4F-4677-A33E-E3E9E09C30C0}.Release|Any CPU.ActiveCfg = Release|Any CPU
		{0C9D56F2-FC4F-4677-A33E-E3E9E09C30C0}.Release|Any CPU.Build.0 = Release|Any CPU
		{0C9D56F2-FC4F-4677-A33E-E3E9E09C30C0}.Trial|Any CPU.ActiveCfg = Trial|Any CPU
		{0C9D56F2-FC4F-4677-A33E-E3E9E09C30C0}.Trial|Any CPU.Build.0 = Trial|Any CPU
		{D0F267A3-EFA2-4270-8E71-B8AB364FB987}.Debug|Any CPU.ActiveCfg = Debug|Any CPU
		{D0F267A3-EFA2-4270-8E71-B8AB364FB987}.Debug|Any CPU.Build.0 = Debug|Any CPU
		{D0F267A3-EFA2-4270-8E71-B8AB364FB987}.Release|Any CPU.ActiveCfg = Release|Any CPU
		{D0F267A3-EFA2-4270-8E71-B8AB364FB987}.Release|Any CPU.Build.0 = Release|Any CPU
		{D0F267A3-EFA2-4270-8E71-B8AB364FB987}.Trial|Any CPU.ActiveCfg = Release|Any CPU
		{D0F267A3-EFA2-4270-8E71-B8AB364FB987}.Trial|Any CPU.Build.0 = Release|Any CPU
	EndGlobalSection
	GlobalSection(SolutionProperties) = preSolution
		HideSolutionNode = FALSE
	EndGlobalSection
EndGlobal
