
Microsoft Visual Studio Solution File, Format Version 11.00
# Visual Studio 2010
Project("{FAE04EC0-301F-11D3-BF4B-00C04F79EFBC}") = "WSSQLGUI", "WSSQLGUI\WSSQLGUI.csproj", "{C57272B7-6456-4FAA-9094-C3DC1ADCAD46}"
EndProject
Project("{FAE04EC0-301F-11D3-BF4B-00C04F79EFBC}") = "WSPreview", "WSPreview\WSPreview.csproj", "{3E9F9F18-B9AD-4DDE-A5D6-F71B75C737D2}"
EndProject
Project("{2150E333-8FDC-42A3-9474-1A3956D46DE8}") = "WPF", "WPF", "{6BE7E61E-625B-4710-97D9-B295A89CDE20}"
EndProject
Project("{FAE04EC0-301F-11D3-BF4B-00C04F79EFBC}") = "WSUI", "WSUI\WSUI.csproj", "{FC523AB4-1B6D-4F63-B758-AB8E73908605}"
EndProject
Project("{FAE04EC0-301F-11D3-BF4B-00C04F79EFBC}") = "WSUI.Infrastructure", "WSUI.Infrastructure\WSUI.Infrastructure.csproj", "{0C9D56F2-FC4F-4677-A33E-E3E9E09C30C0}"
EndProject
Project("{FAE04EC0-301F-11D3-BF4B-00C04F79EFBC}") = "WSUI.Module", "WSUI.Module\WSUI.Module.csproj", "{EDCE3394-18B5-40A8-AE43-E6A8E23C9A7F}"
EndProject
Project("{8BC9CEB8-8B4A-11D0-8D11-00A0C91BC942}") = "GflWrapper", "GflWrapper\GflWrapper.vcxproj", "{3D329622-7422-4675-A268-822622C35712}"
EndProject
Project("{FAE04EC0-301F-11D3-BF4B-00C04F79EFBC}") = "WSUI.Control", "WSUI.Control\WSUI.Control.csproj", "{FC28437E-0008-4A62-B444-37EB9E6B5AE6}"
EndProject
Project("{FAE04EC0-301F-11D3-BF4B-00C04F79EFBC}") = "WSUI.OutlookPlugin", "WSUI.OutlookPlugin\WSUI.OutlookPlugin.csproj", "{6169FA5D-89FA-44D3-9801-CEFE8FC8755D}"
EndProject
Project("{2150E333-8FDC-42A3-9474-1A3956D46DE8}") = "Install", "Install", "{6776D452-13A2-4209-A513-C907C44DC5B4}"
EndProject
Project("{FAE04EC0-301F-11D3-BF4B-00C04F79EFBC}") = "WSGen", "WSGen\WSGen.csproj", "{B992DF37-94F5-4D10-88BA-E6958B91AEA3}"
EndProject
Project("{FAE04EC0-301F-11D3-BF4B-00C04F79EFBC}") = "WSADXPublisher", "WSADXPublisher\WSADXPublisher.csproj", "{E0CA6DD0-5221-4FEA-8203-7C6E81D04943}"
EndProject
Project("{930C7802-8A8C-48F9-8165-68863BCCD9DD}") = "WSUI.OutlookPluginSetup", "WSUI.OutlookPlugin\WSUI.OutlookPluginSetup\WSUI.OutlookPluginSetup.wixproj", "{E7E7D671-1DEA-44BD-BE4C-96EE3409474E}"
EndProject
Project("{2150E333-8FDC-42A3-9474-1A3956D46DE8}") = "Core", "Core", "{E82AA063-1806-4411-88C9-BDA842B225EE}"
EndProject
Project("{2150E333-8FDC-42A3-9474-1A3956D46DE8}") = "Plugins", "Plugins", "{D629AC6F-7D7F-4EBB-8F98-EF98D0A4E5C2}"
EndProject
Project("{FAE04EC0-301F-11D3-BF4B-00C04F79EFBC}") = "WSUI.Core", "WSUI.Core\WSUI.Core.csproj", "{D650F4E9-99FE-46EC-A59D-BF3A99652255}"
EndProject
Global
	GlobalSection(SolutionConfigurationPlatforms) = preSolution
		Debug|Any CPU = Debug|Any CPU
		Debug|Mixed Platforms = Debug|Mixed Platforms
		Debug|Win32 = Debug|Win32
		Debug|x64 = Debug|x64
		Debug|x86 = Debug|x86
		Release|Any CPU = Release|Any CPU
		Release|Mixed Platforms = Release|Mixed Platforms
		Release|Win32 = Release|Win32
		Release|x64 = Release|x64
		Release|x86 = Release|x86
	EndGlobalSection
	GlobalSection(ProjectConfigurationPlatforms) = postSolution
		{C57272B7-6456-4FAA-9094-C3DC1ADCAD46}.Debug|Any CPU.ActiveCfg = Debug|Any CPU
		{C57272B7-6456-4FAA-9094-C3DC1ADCAD46}.Debug|Mixed Platforms.ActiveCfg = Debug|Any CPU
		{C57272B7-6456-4FAA-9094-C3DC1ADCAD46}.Debug|Win32.ActiveCfg = Debug|Any CPU
		{C57272B7-6456-4FAA-9094-C3DC1ADCAD46}.Debug|x64.ActiveCfg = Debug|Any CPU
		{C57272B7-6456-4FAA-9094-C3DC1ADCAD46}.Debug|x86.ActiveCfg = Debug|Any CPU
		{C57272B7-6456-4FAA-9094-C3DC1ADCAD46}.Release|Any CPU.ActiveCfg = Release|Any CPU
		{C57272B7-6456-4FAA-9094-C3DC1ADCAD46}.Release|Mixed Platforms.ActiveCfg = Release|Any CPU
		{C57272B7-6456-4FAA-9094-C3DC1ADCAD46}.Release|Win32.ActiveCfg = Release|Any CPU
		{C57272B7-6456-4FAA-9094-C3DC1ADCAD46}.Release|x64.ActiveCfg = Release|Any CPU
		{C57272B7-6456-4FAA-9094-C3DC1ADCAD46}.Release|x86.ActiveCfg = Release|Any CPU
		{3E9F9F18-B9AD-4DDE-A5D6-F71B75C737D2}.Debug|Any CPU.ActiveCfg = Debug|Any CPU
		{3E9F9F18-B9AD-4DDE-A5D6-F71B75C737D2}.Debug|Any CPU.Build.0 = Debug|Any CPU
		{3E9F9F18-B9AD-4DDE-A5D6-F71B75C737D2}.Debug|Mixed Platforms.ActiveCfg = Debug|Any CPU
		{3E9F9F18-B9AD-4DDE-A5D6-F71B75C737D2}.Debug|Mixed Platforms.Build.0 = Debug|Any CPU
		{3E9F9F18-B9AD-4DDE-A5D6-F71B75C737D2}.Debug|Win32.ActiveCfg = Debug|Any CPU
		{3E9F9F18-B9AD-4DDE-A5D6-F71B75C737D2}.Debug|x64.ActiveCfg = Debug|Any CPU
		{3E9F9F18-B9AD-4DDE-A5D6-F71B75C737D2}.Debug|x86.ActiveCfg = Debug|Any CPU
		{3E9F9F18-B9AD-4DDE-A5D6-F71B75C737D2}.Release|Any CPU.ActiveCfg = Release|Any CPU
		{3E9F9F18-B9AD-4DDE-A5D6-F71B75C737D2}.Release|Any CPU.Build.0 = Release|Any CPU
		{3E9F9F18-B9AD-4DDE-A5D6-F71B75C737D2}.Release|Mixed Platforms.ActiveCfg = Release|Any CPU
		{3E9F9F18-B9AD-4DDE-A5D6-F71B75C737D2}.Release|Mixed Platforms.Build.0 = Release|Any CPU
		{3E9F9F18-B9AD-4DDE-A5D6-F71B75C737D2}.Release|Win32.ActiveCfg = Release|Any CPU
		{3E9F9F18-B9AD-4DDE-A5D6-F71B75C737D2}.Release|x64.ActiveCfg = Release|Any CPU
		{3E9F9F18-B9AD-4DDE-A5D6-F71B75C737D2}.Release|x86.ActiveCfg = Release|Any CPU
		{FC523AB4-1B6D-4F63-B758-AB8E73908605}.Debug|Any CPU.ActiveCfg = Debug|Any CPU
		{FC523AB4-1B6D-4F63-B758-AB8E73908605}.Debug|Any CPU.Build.0 = Debug|Any CPU
		{FC523AB4-1B6D-4F63-B758-AB8E73908605}.Debug|Mixed Platforms.ActiveCfg = Debug|Any CPU
		{FC523AB4-1B6D-4F63-B758-AB8E73908605}.Debug|Mixed Platforms.Build.0 = Debug|Any CPU
		{FC523AB4-1B6D-4F63-B758-AB8E73908605}.Debug|Win32.ActiveCfg = Debug|Any CPU
		{FC523AB4-1B6D-4F63-B758-AB8E73908605}.Debug|x64.ActiveCfg = Debug|Any CPU
		{FC523AB4-1B6D-4F63-B758-AB8E73908605}.Debug|x86.ActiveCfg = Debug|Any CPU
		{FC523AB4-1B6D-4F63-B758-AB8E73908605}.Release|Any CPU.ActiveCfg = Release|Any CPU
		{FC523AB4-1B6D-4F63-B758-AB8E73908605}.Release|Any CPU.Build.0 = Release|Any CPU
		{FC523AB4-1B6D-4F63-B758-AB8E73908605}.Release|Mixed Platforms.ActiveCfg = Release|Any CPU
		{FC523AB4-1B6D-4F63-B758-AB8E73908605}.Release|Mixed Platforms.Build.0 = Release|Any CPU
		{FC523AB4-1B6D-4F63-B758-AB8E73908605}.Release|Win32.ActiveCfg = Release|Any CPU
		{FC523AB4-1B6D-4F63-B758-AB8E73908605}.Release|x64.ActiveCfg = Release|Any CPU
		{FC523AB4-1B6D-4F63-B758-AB8E73908605}.Release|x86.ActiveCfg = Release|Any CPU
		{0C9D56F2-FC4F-4677-A33E-E3E9E09C30C0}.Debug|Any CPU.ActiveCfg = Debug|Any CPU
		{0C9D56F2-FC4F-4677-A33E-E3E9E09C30C0}.Debug|Any CPU.Build.0 = Debug|Any CPU
		{0C9D56F2-FC4F-4677-A33E-E3E9E09C30C0}.Debug|Mixed Platforms.ActiveCfg = Debug|Any CPU
		{0C9D56F2-FC4F-4677-A33E-E3E9E09C30C0}.Debug|Mixed Platforms.Build.0 = Debug|Any CPU
		{0C9D56F2-FC4F-4677-A33E-E3E9E09C30C0}.Debug|Win32.ActiveCfg = Debug|Any CPU
		{0C9D56F2-FC4F-4677-A33E-E3E9E09C30C0}.Debug|x64.ActiveCfg = Debug|Any CPU
		{0C9D56F2-FC4F-4677-A33E-E3E9E09C30C0}.Debug|x86.ActiveCfg = Debug|Any CPU
		{0C9D56F2-FC4F-4677-A33E-E3E9E09C30C0}.Release|Any CPU.ActiveCfg = Release|Any CPU
		{0C9D56F2-FC4F-4677-A33E-E3E9E09C30C0}.Release|Any CPU.Build.0 = Release|Any CPU
		{0C9D56F2-FC4F-4677-A33E-E3E9E09C30C0}.Release|Mixed Platforms.ActiveCfg = Release|Any CPU
		{0C9D56F2-FC4F-4677-A33E-E3E9E09C30C0}.Release|Mixed Platforms.Build.0 = Release|Any CPU
		{0C9D56F2-FC4F-4677-A33E-E3E9E09C30C0}.Release|Win32.ActiveCfg = Release|Any CPU
		{0C9D56F2-FC4F-4677-A33E-E3E9E09C30C0}.Release|x64.ActiveCfg = Release|Any CPU
		{0C9D56F2-FC4F-4677-A33E-E3E9E09C30C0}.Release|x86.ActiveCfg = Release|Any CPU
		{EDCE3394-18B5-40A8-AE43-E6A8E23C9A7F}.Debug|Any CPU.ActiveCfg = Debug|Any CPU
		{EDCE3394-18B5-40A8-AE43-E6A8E23C9A7F}.Debug|Any CPU.Build.0 = Debug|Any CPU
		{EDCE3394-18B5-40A8-AE43-E6A8E23C9A7F}.Debug|Mixed Platforms.ActiveCfg = Debug|Any CPU
		{EDCE3394-18B5-40A8-AE43-E6A8E23C9A7F}.Debug|Mixed Platforms.Build.0 = Debug|Any CPU
		{EDCE3394-18B5-40A8-AE43-E6A8E23C9A7F}.Debug|Win32.ActiveCfg = Debug|Any CPU
		{EDCE3394-18B5-40A8-AE43-E6A8E23C9A7F}.Debug|x64.ActiveCfg = Debug|Any CPU
		{EDCE3394-18B5-40A8-AE43-E6A8E23C9A7F}.Debug|x86.ActiveCfg = Debug|Any CPU
		{EDCE3394-18B5-40A8-AE43-E6A8E23C9A7F}.Release|Any CPU.ActiveCfg = Release|Any CPU
		{EDCE3394-18B5-40A8-AE43-E6A8E23C9A7F}.Release|Any CPU.Build.0 = Release|Any CPU
		{EDCE3394-18B5-40A8-AE43-E6A8E23C9A7F}.Release|Mixed Platforms.ActiveCfg = Release|Any CPU
		{EDCE3394-18B5-40A8-AE43-E6A8E23C9A7F}.Release|Mixed Platforms.Build.0 = Release|Any CPU
		{EDCE3394-18B5-40A8-AE43-E6A8E23C9A7F}.Release|Win32.ActiveCfg = Release|Any CPU
		{EDCE3394-18B5-40A8-AE43-E6A8E23C9A7F}.Release|x64.ActiveCfg = Release|Any CPU
		{EDCE3394-18B5-40A8-AE43-E6A8E23C9A7F}.Release|x86.ActiveCfg = Release|Any CPU
		{3D329622-7422-4675-A268-822622C35712}.Debug|Any CPU.ActiveCfg = Debug|Win32
		{3D329622-7422-4675-A268-822622C35712}.Debug|Mixed Platforms.ActiveCfg = Debug|Win32
		{3D329622-7422-4675-A268-822622C35712}.Debug|Mixed Platforms.Build.0 = Debug|Win32
		{3D329622-7422-4675-A268-822622C35712}.Debug|Win32.ActiveCfg = Debug|Win32
		{3D329622-7422-4675-A268-822622C35712}.Debug|Win32.Build.0 = Debug|Win32
		{3D329622-7422-4675-A268-822622C35712}.Debug|x64.ActiveCfg = Debug|x64
		{3D329622-7422-4675-A268-822622C35712}.Debug|x64.Build.0 = Debug|x64
		{3D329622-7422-4675-A268-822622C35712}.Debug|x86.ActiveCfg = Debug|Win32
		{3D329622-7422-4675-A268-822622C35712}.Release|Any CPU.ActiveCfg = Release|Win32
		{3D329622-7422-4675-A268-822622C35712}.Release|Mixed Platforms.ActiveCfg = Release|Win32
		{3D329622-7422-4675-A268-822622C35712}.Release|Mixed Platforms.Build.0 = Release|Win32
		{3D329622-7422-4675-A268-822622C35712}.Release|Win32.ActiveCfg = Release|Win32
		{3D329622-7422-4675-A268-822622C35712}.Release|Win32.Build.0 = Release|Win32
		{3D329622-7422-4675-A268-822622C35712}.Release|x64.ActiveCfg = Release|x64
		{3D329622-7422-4675-A268-822622C35712}.Release|x64.Build.0 = Release|x64
		{3D329622-7422-4675-A268-822622C35712}.Release|x86.ActiveCfg = Release|Win32
		{FC28437E-0008-4A62-B444-37EB9E6B5AE6}.Debug|Any CPU.ActiveCfg = Debug|Any CPU
		{FC28437E-0008-4A62-B444-37EB9E6B5AE6}.Debug|Any CPU.Build.0 = Debug|Any CPU
		{FC28437E-0008-4A62-B444-37EB9E6B5AE6}.Debug|Mixed Platforms.ActiveCfg = Debug|Any CPU
		{FC28437E-0008-4A62-B444-37EB9E6B5AE6}.Debug|Mixed Platforms.Build.0 = Debug|Any CPU
		{FC28437E-0008-4A62-B444-37EB9E6B5AE6}.Debug|Win32.ActiveCfg = Debug|Any CPU
		{FC28437E-0008-4A62-B444-37EB9E6B5AE6}.Debug|x64.ActiveCfg = Debug|Any CPU
		{FC28437E-0008-4A62-B444-37EB9E6B5AE6}.Debug|x86.ActiveCfg = Debug|Any CPU
		{FC28437E-0008-4A62-B444-37EB9E6B5AE6}.Release|Any CPU.ActiveCfg = Release|Any CPU
		{FC28437E-0008-4A62-B444-37EB9E6B5AE6}.Release|Any CPU.Build.0 = Release|Any CPU
		{FC28437E-0008-4A62-B444-37EB9E6B5AE6}.Release|Mixed Platforms.ActiveCfg = Release|Any CPU
		{FC28437E-0008-4A62-B444-37EB9E6B5AE6}.Release|Mixed Platforms.Build.0 = Release|Any CPU
		{FC28437E-0008-4A62-B444-37EB9E6B5AE6}.Release|Win32.ActiveCfg = Release|Any CPU
		{FC28437E-0008-4A62-B444-37EB9E6B5AE6}.Release|x64.ActiveCfg = Release|Any CPU
		{FC28437E-0008-4A62-B444-37EB9E6B5AE6}.Release|x86.ActiveCfg = Release|Any CPU
		{6169FA5D-89FA-44D3-9801-CEFE8FC8755D}.Debug|Any CPU.ActiveCfg = Debug|Any CPU
		{6169FA5D-89FA-44D3-9801-CEFE8FC8755D}.Debug|Any CPU.Build.0 = Debug|Any CPU
		{6169FA5D-89FA-44D3-9801-CEFE8FC8755D}.Debug|Mixed Platforms.ActiveCfg = Debug|Any CPU
		{6169FA5D-89FA-44D3-9801-CEFE8FC8755D}.Debug|Mixed Platforms.Build.0 = Debug|Any CPU
		{6169FA5D-89FA-44D3-9801-CEFE8FC8755D}.Debug|Win32.ActiveCfg = Debug|Any CPU
		{6169FA5D-89FA-44D3-9801-CEFE8FC8755D}.Debug|x64.ActiveCfg = Debug|Any CPU
		{6169FA5D-89FA-44D3-9801-CEFE8FC8755D}.Debug|x86.ActiveCfg = Debug|Any CPU
		{6169FA5D-89FA-44D3-9801-CEFE8FC8755D}.Release|Any CPU.ActiveCfg = Release|Any CPU
		{6169FA5D-89FA-44D3-9801-CEFE8FC8755D}.Release|Any CPU.Build.0 = Release|Any CPU
		{6169FA5D-89FA-44D3-9801-CEFE8FC8755D}.Release|Mixed Platforms.ActiveCfg = Release|Any CPU
		{6169FA5D-89FA-44D3-9801-CEFE8FC8755D}.Release|Mixed Platforms.Build.0 = Release|Any CPU
		{6169FA5D-89FA-44D3-9801-CEFE8FC8755D}.Release|Win32.ActiveCfg = Release|Any CPU
		{6169FA5D-89FA-44D3-9801-CEFE8FC8755D}.Release|x64.ActiveCfg = Release|Any CPU
		{6169FA5D-89FA-44D3-9801-CEFE8FC8755D}.Release|x86.ActiveCfg = Release|Any CPU
		{B992DF37-94F5-4D10-88BA-E6958B91AEA3}.Debug|Any CPU.ActiveCfg = Debug|x86
		{B992DF37-94F5-4D10-88BA-E6958B91AEA3}.Debug|Mixed Platforms.ActiveCfg = Debug|x86
		{B992DF37-94F5-4D10-88BA-E6958B91AEA3}.Debug|Win32.ActiveCfg = Debug|x86
		{B992DF37-94F5-4D10-88BA-E6958B91AEA3}.Debug|x64.ActiveCfg = Debug|x86
		{B992DF37-94F5-4D10-88BA-E6958B91AEA3}.Debug|x86.ActiveCfg = Debug|x86
		{B992DF37-94F5-4D10-88BA-E6958B91AEA3}.Debug|x86.Build.0 = Debug|x86
		{B992DF37-94F5-4D10-88BA-E6958B91AEA3}.Release|Any CPU.ActiveCfg = Release|x86
		{B992DF37-94F5-4D10-88BA-E6958B91AEA3}.Release|Mixed Platforms.ActiveCfg = Release|x86
		{B992DF37-94F5-4D10-88BA-E6958B91AEA3}.Release|Win32.ActiveCfg = Release|x86
		{B992DF37-94F5-4D10-88BA-E6958B91AEA3}.Release|x64.ActiveCfg = Release|x86
		{B992DF37-94F5-4D10-88BA-E6958B91AEA3}.Release|x86.ActiveCfg = Release|x86
		{B992DF37-94F5-4D10-88BA-E6958B91AEA3}.Release|x86.Build.0 = Release|x86
		{E0CA6DD0-5221-4FEA-8203-7C6E81D04943}.Debug|Any CPU.ActiveCfg = Debug|x86
		{E0CA6DD0-5221-4FEA-8203-7C6E81D04943}.Debug|Mixed Platforms.ActiveCfg = Debug|x86
		{E0CA6DD0-5221-4FEA-8203-7C6E81D04943}.Debug|Win32.ActiveCfg = Debug|x86
		{E0CA6DD0-5221-4FEA-8203-7C6E81D04943}.Debug|x64.ActiveCfg = Debug|x86
		{E0CA6DD0-5221-4FEA-8203-7C6E81D04943}.Debug|x86.ActiveCfg = Debug|x86
		{E0CA6DD0-5221-4FEA-8203-7C6E81D04943}.Debug|x86.Build.0 = Debug|x86
		{E0CA6DD0-5221-4FEA-8203-7C6E81D04943}.Release|Any CPU.ActiveCfg = Release|x86
		{E0CA6DD0-5221-4FEA-8203-7C6E81D04943}.Release|Mixed Platforms.ActiveCfg = Release|x86
		{E0CA6DD0-5221-4FEA-8203-7C6E81D04943}.Release|Win32.ActiveCfg = Release|x86
		{E0CA6DD0-5221-4FEA-8203-7C6E81D04943}.Release|x64.ActiveCfg = Release|x86
		{E0CA6DD0-5221-4FEA-8203-7C6E81D04943}.Release|x86.ActiveCfg = Release|x86
		{E0CA6DD0-5221-4FEA-8203-7C6E81D04943}.Release|x86.Build.0 = Release|x86
		{E7E7D671-1DEA-44BD-BE4C-96EE3409474E}.Debug|Any CPU.ActiveCfg = Debug|x86
		{E7E7D671-1DEA-44BD-BE4C-96EE3409474E}.Debug|Mixed Platforms.ActiveCfg = Debug|x86
		{E7E7D671-1DEA-44BD-BE4C-96EE3409474E}.Debug|Mixed Platforms.Build.0 = Debug|x86
		{E7E7D671-1DEA-44BD-BE4C-96EE3409474E}.Debug|Win32.ActiveCfg = Debug|x86
		{E7E7D671-1DEA-44BD-BE4C-96EE3409474E}.Debug|x64.ActiveCfg = Debug|x86
		{E7E7D671-1DEA-44BD-BE4C-96EE3409474E}.Debug|x86.ActiveCfg = Debug|x86
		{E7E7D671-1DEA-44BD-BE4C-96EE3409474E}.Debug|x86.Build.0 = Debug|x86
		{E7E7D671-1DEA-44BD-BE4C-96EE3409474E}.Release|Any CPU.ActiveCfg = Release|x86
		{E7E7D671-1DEA-44BD-BE4C-96EE3409474E}.Release|Mixed Platforms.ActiveCfg = Release|x86
		{E7E7D671-1DEA-44BD-BE4C-96EE3409474E}.Release|Mixed Platforms.Build.0 = Release|x86
		{E7E7D671-1DEA-44BD-BE4C-96EE3409474E}.Release|Win32.ActiveCfg = Release|x86
		{E7E7D671-1DEA-44BD-BE4C-96EE3409474E}.Release|x64.ActiveCfg = Release|x86
		{E7E7D671-1DEA-44BD-BE4C-96EE3409474E}.Release|x86.ActiveCfg = Release|x86
		{E7E7D671-1DEA-44BD-BE4C-96EE3409474E}.Release|x86.Build.0 = Release|x86
		{D650F4E9-99FE-46EC-A59D-BF3A99652255}.Debug|Any CPU.ActiveCfg = Debug|Any CPU
		{D650F4E9-99FE-46EC-A59D-BF3A99652255}.Debug|Any CPU.Build.0 = Debug|Any CPU
		{D650F4E9-99FE-46EC-A59D-BF3A99652255}.Debug|Mixed Platforms.ActiveCfg = Debug|Any CPU
		{D650F4E9-99FE-46EC-A59D-BF3A99652255}.Debug|Mixed Platforms.Build.0 = Debug|Any CPU
		{D650F4E9-99FE-46EC-A59D-BF3A99652255}.Debug|Win32.ActiveCfg = Debug|Any CPU
		{D650F4E9-99FE-46EC-A59D-BF3A99652255}.Debug|x64.ActiveCfg = Debug|Any CPU
		{D650F4E9-99FE-46EC-A59D-BF3A99652255}.Debug|x86.ActiveCfg = Debug|Any CPU
		{D650F4E9-99FE-46EC-A59D-BF3A99652255}.Release|Any CPU.ActiveCfg = Release|Any CPU
		{D650F4E9-99FE-46EC-A59D-BF3A99652255}.Release|Any CPU.Build.0 = Release|Any CPU
		{D650F4E9-99FE-46EC-A59D-BF3A99652255}.Release|Mixed Platforms.ActiveCfg = Release|Any CPU
		{D650F4E9-99FE-46EC-A59D-BF3A99652255}.Release|Mixed Platforms.Build.0 = Release|Any CPU
		{D650F4E9-99FE-46EC-A59D-BF3A99652255}.Release|Win32.ActiveCfg = Release|Any CPU
		{D650F4E9-99FE-46EC-A59D-BF3A99652255}.Release|x64.ActiveCfg = Release|Any CPU
		{D650F4E9-99FE-46EC-A59D-BF3A99652255}.Release|x86.ActiveCfg = Release|Any CPU
	EndGlobalSection
	GlobalSection(SolutionProperties) = preSolution
		HideSolutionNode = FALSE
	EndGlobalSection
	GlobalSection(NestedProjects) = preSolution
		{FC523AB4-1B6D-4F63-B758-AB8E73908605} = {6BE7E61E-625B-4710-97D9-B295A89CDE20}
		{EDCE3394-18B5-40A8-AE43-E6A8E23C9A7F} = {6BE7E61E-625B-4710-97D9-B295A89CDE20}
		{FC28437E-0008-4A62-B444-37EB9E6B5AE6} = {6BE7E61E-625B-4710-97D9-B295A89CDE20}
		{B992DF37-94F5-4D10-88BA-E6958B91AEA3} = {6776D452-13A2-4209-A513-C907C44DC5B4}
		{E0CA6DD0-5221-4FEA-8203-7C6E81D04943} = {6776D452-13A2-4209-A513-C907C44DC5B4}
		{E7E7D671-1DEA-44BD-BE4C-96EE3409474E} = {6776D452-13A2-4209-A513-C907C44DC5B4}
		{3D329622-7422-4675-A268-822622C35712} = {E82AA063-1806-4411-88C9-BDA842B225EE}
		{3E9F9F18-B9AD-4DDE-A5D6-F71B75C737D2} = {E82AA063-1806-4411-88C9-BDA842B225EE}
		{0C9D56F2-FC4F-4677-A33E-E3E9E09C30C0} = {E82AA063-1806-4411-88C9-BDA842B225EE}
		{D650F4E9-99FE-46EC-A59D-BF3A99652255} = {E82AA063-1806-4411-88C9-BDA842B225EE}
		{6169FA5D-89FA-44D3-9801-CEFE8FC8755D} = {D629AC6F-7D7F-4EBB-8F98-EF98D0A4E5C2}
	EndGlobalSection
EndGlobal
