
Microsoft Visual Studio Solution File, Format Version 11.00
# Visual Studio 2010
Project("{1863889A-00DF-4350-BA39-669CA949CB81}") = "OutlookFinder", "OutlookFinder.phpproj", "{9329DC6F-75A1-4E82-8161-8BD672D64B52}"
EndProject
Global
	GlobalSection(SolutionConfigurationPlatforms) = preSolution
		Local|PHP 5.2 = Local|PHP 5.2
		Production|PHP 5.2 = Production|PHP 5.2
		Staging|PHP 5.2 = Staging|PHP 5.2
	EndGlobalSection
	GlobalSection(ProjectConfigurationPlatforms) = postSolution
		{9329DC6F-75A1-4E82-8161-8BD672D64B52}.Local|PHP 5.2.ActiveCfg = Local|PHP 5.2
		{9329DC6F-75A1-4E82-8161-8BD672D64B52}.Local|PHP 5.2.Deploy.0 = Local|PHP 5.2
		{9329DC6F-75A1-4E82-8161-8BD672D64B52}.Production|PHP 5.2.ActiveCfg = Production|PHP 5.2
		{9329DC6F-75A1-4E82-8161-8BD672D64B52}.Production|PHP 5.2.Deploy.0 = Production|PHP 5.2
		{9329DC6F-75A1-4E82-8161-8BD672D64B52}.Staging|PHP 5.2.ActiveCfg = Staging|PHP 5.2
		{9329DC6F-75A1-4E82-8161-8BD672D64B52}.Staging|PHP 5.2.Deploy.0 = Staging|PHP 5.2
	EndGlobalSection
	GlobalSection(SolutionProperties) = preSolution
		HideSolutionNode = FALSE
	EndGlobalSection
EndGlobal
